PODS:
  - IQKeyboardManagerSwift (6.0.4)

DEPENDENCIES:
  - IQKeyboardManagerSwift

SPEC REPOS:
  https://github.com/cocoapods/specs.git:
    - IQKeyboardManagerSwift

SPEC CHECKSUMS:
  IQKeyboardManagerSwift: 36dbe324b4f9793f5f41ba5227f3e7c76dfefd50

PODFILE CHECKSUM: be1cc5b35de89cde455c07f91d2fb414b1d9915c

COCOAPODS: 1.5.3
